
Microsoft Visual Studio Solution File, Format Version 12.00
# Visual Studio Version 17
VisualStudioVersion = 17.3.32922.545
MinimumVisualStudioVersion = 10.0.40219.1
Project("{FAE04EC0-301F-11D3-BF4B-00C04F79EFBC}") = "codehw4", "codehw4\codehw4.csproj", "{BFED269C-F930-46E1-A7CB-596751492E81}"
EndProject
Project("{2150E333-8FDC-42A3-9474-1A3956D46DE8}") = "Solution Items", "Solution Items", "{27CC608C-3C87-4565-B64E-F031B6F0C273}"
	ProjectSection(SolutionItems) = preProject
		Class1.cs = Class1.cs
		Class5.cs = Class5.cs
	EndProjectSection
EndProject
Global
	GlobalSection(SolutionConfigurationPlatforms) = preSolution
		Debug|Any CPU = Debug|Any CPU
		Release|Any CPU = Release|Any CPU
	EndGlobalSection
	GlobalSection(ProjectConfigurationPlatforms) = postSolution
		{BFED269C-F930-46E1-A7CB-596751492E81}.Debug|Any CPU.ActiveCfg = Debug|Any CPU
		{BFED269C-F930-46E1-A7CB-596751492E81}.Debug|Any CPU.Build.0 = Debug|Any CPU
		{BFED269C-F930-46E1-A7CB-596751492E81}.Release|Any CPU.ActiveCfg = Release|Any CPU
		{BFED269C-F930-46E1-A7CB-596751492E81}.Release|Any CPU.Build.0 = Release|Any CPU
	EndGlobalSection
	GlobalSection(SolutionProperties) = preSolution
		HideSolutionNode = FALSE
	EndGlobalSection
	GlobalSection(ExtensibilityGlobals) = postSolution
		SolutionGuid = {2D1A28FF-2A7E-4461-B70F-5263ABCF0015}
	EndGlobalSection
EndGlobal
